
Microsoft Visual Studio Solution File, Format Version 12.00
Project("{FAE04EC0-301F-11D3-BF4B-00C04F79EFBC}") = "Linq2DB_TPHProblem", "Linq2DB_TPHProblem\Linq2DB_TPHProblem.csproj", "{BFAD4512-EE66-472E-A50B-36F4E7B90AAE}"
EndProject
Global
	GlobalSection(SolutionConfigurationPlatforms) = preSolution
		Debug|Any CPU = Debug|Any CPU
		Release|Any CPU = Release|Any CPU
	EndGlobalSection
	GlobalSection(ProjectConfigurationPlatforms) = postSolution
		{BFAD4512-EE66-472E-A50B-36F4E7B90AAE}.Debug|Any CPU.ActiveCfg = Debug|Any CPU
		{BFAD4512-EE66-472E-A50B-36F4E7B90AAE}.Debug|Any CPU.Build.0 = Debug|Any CPU
		{BFAD4512-EE66-472E-A50B-36F4E7B90AAE}.Release|Any CPU.ActiveCfg = Release|Any CPU
		{BFAD4512-EE66-472E-A50B-36F4E7B90AAE}.Release|Any CPU.Build.0 = Release|Any CPU
	EndGlobalSection
EndGlobal
